// !$*UTF8*$!
{
	archiveVersion = 1;
	classes = {
	};
	objectVersion = 56;
	objects = {

/* Begin PBXBuildFile section */
		0B194A7DB90EFC4EA3A494AB /* Pods_mercadolivre.framework in Frameworks */ = {isa = PBXBuildFile; fileRef = B93967E54EC0DE7B9D747241 /* Pods_mercadolivre.framework */; };
		4A2864462AF994E9003B4943 /* UIApplication+TopMostViewController.swift in Sources */ = {isa = PBXBuildFile; fileRef = 4A2864452AF994E9003B4943 /* UIApplication+TopMostViewController.swift */; };
		4A2864492AF99F8F003B4943 /* AppCoordinator.swift in Sources */ = {isa = PBXBuildFile; fileRef = 4A2864482AF99F8F003B4943 /* AppCoordinator.swift */; };
		4A28644B2AF9A09F003B4943 /* BaseCoordinatorParent.swift in Sources */ = {isa = PBXBuildFile; fileRef = 4A28644A2AF9A09F003B4943 /* BaseCoordinatorParent.swift */; };
		4A28644D2AF9A0C0003B4943 /* Coordinator.swift in Sources */ = {isa = PBXBuildFile; fileRef = 4A28644C2AF9A0C0003B4943 /* Coordinator.swift */; };
		4A28644F2AF9A148003B4943 /* BaseCoordinator.swift in Sources */ = {isa = PBXBuildFile; fileRef = 4A28644E2AF9A148003B4943 /* BaseCoordinator.swift */; };
		4A2864512AF9A212003B4943 /* Array+Coordinator.swift in Sources */ = {isa = PBXBuildFile; fileRef = 4A2864502AF9A212003B4943 /* Array+Coordinator.swift */; };
		4A2864532AF9A292003B4943 /* UIViewController+DismissPresentedViewController.swift in Sources */ = {isa = PBXBuildFile; fileRef = 4A2864522AF9A292003B4943 /* UIViewController+DismissPresentedViewController.swift */; };
		4A2864552AF9A2DB003B4943 /* UIViewController+isPresenting.swift in Sources */ = {isa = PBXBuildFile; fileRef = 4A2864542AF9A2DB003B4943 /* UIViewController+isPresenting.swift */; };
		4A2864582AF9AA5A003B4943 /* StatusBarStyleNavigationController.swift in Sources */ = {isa = PBXBuildFile; fileRef = 4A2864572AF9AA5A003B4943 /* StatusBarStyleNavigationController.swift */; };
		4A35EAC22AFA9D6C000F199F /* RootCategory.swift in Sources */ = {isa = PBXBuildFile; fileRef = 4A35EAC12AFA9D6C000F199F /* RootCategory.swift */; };
		4A4652242AFD312700076C6A /* ItemPresenter.swift in Sources */ = {isa = PBXBuildFile; fileRef = 4A46521E2AFD312700076C6A /* ItemPresenter.swift */; };
		4A4652252AFD312700076C6A /* ItemViewController.swift in Sources */ = {isa = PBXBuildFile; fileRef = 4A46521F2AFD312700076C6A /* ItemViewController.swift */; };
		4A4652262AFD312700076C6A /* ItemProtocols.swift in Sources */ = {isa = PBXBuildFile; fileRef = 4A4652202AFD312700076C6A /* ItemProtocols.swift */; };
		4A4652272AFD312700076C6A /* ItemInteractor.swift in Sources */ = {isa = PBXBuildFile; fileRef = 4A4652212AFD312700076C6A /* ItemInteractor.swift */; };
		4A4652282AFD312700076C6A /* ItemWireframe.swift in Sources */ = {isa = PBXBuildFile; fileRef = 4A4652222AFD312700076C6A /* ItemWireframe.swift */; };
		4A46522A2AFD5EEF00076C6A /* Item.swift in Sources */ = {isa = PBXBuildFile; fileRef = 4A4652292AFD5EEF00076C6A /* Item.swift */; };
		4A46522C2AFD637700076C6A /* ItemPicture.swift in Sources */ = {isa = PBXBuildFile; fileRef = 4A46522B2AFD637700076C6A /* ItemPicture.swift */; };
		4A46522E2AFD689700076C6A /* GetItemClient.swift in Sources */ = {isa = PBXBuildFile; fileRef = 4A46522D2AFD689700076C6A /* GetItemClient.swift */; };
		4A4652302AFD74B800076C6A /* GetItemResult.swift in Sources */ = {isa = PBXBuildFile; fileRef = 4A46522F2AFD74B800076C6A /* GetItemResult.swift */; };
		4A4652322AFD8A7B00076C6A /* ItemRequestable.swift in Sources */ = {isa = PBXBuildFile; fileRef = 4A4652312AFD8A7B00076C6A /* ItemRequestable.swift */; };
		4A46523B2AFE8B0A00076C6A /* ItemPicturesCell.swift in Sources */ = {isa = PBXBuildFile; fileRef = 4A46523A2AFE8B0A00076C6A /* ItemPicturesCell.swift */; };
		4A46523D2AFEC31F00076C6A /* Int+IntToStringAsCLP.swift in Sources */ = {isa = PBXBuildFile; fileRef = 4A46523C2AFEC31F00076C6A /* Int+IntToStringAsCLP.swift */; };
		4A4A072D2AF934240081C066 /* AppDelegate.swift in Sources */ = {isa = PBXBuildFile; fileRef = 4A4A072C2AF934240081C066 /* AppDelegate.swift */; };
		4A4A07362AF934250081C066 /* Assets.xcassets in Resources */ = {isa = PBXBuildFile; fileRef = 4A4A07352AF934250081C066 /* Assets.xcassets */; };
		4A4A07472AF984210081C066 /* SplashPresenter.swift in Sources */ = {isa = PBXBuildFile; fileRef = 4A4A07412AF984210081C066 /* SplashPresenter.swift */; };
		4A4A07482AF984210081C066 /* SplashViewController.swift in Sources */ = {isa = PBXBuildFile; fileRef = 4A4A07422AF984210081C066 /* SplashViewController.swift */; };
		4A4A07492AF984210081C066 /* SplashProtocols.swift in Sources */ = {isa = PBXBuildFile; fileRef = 4A4A07432AF984210081C066 /* SplashProtocols.swift */; };
		4A4A074A2AF984210081C066 /* SplashInteractor.swift in Sources */ = {isa = PBXBuildFile; fileRef = 4A4A07442AF984210081C066 /* SplashInteractor.swift */; };
		4A4A074B2AF984210081C066 /* SplashWireframe.swift in Sources */ = {isa = PBXBuildFile; fileRef = 4A4A07452AF984210081C066 /* SplashWireframe.swift */; };
		4A4A07512AF9850A0081C066 /* BaseModuleDelegate.swift in Sources */ = {isa = PBXBuildFile; fileRef = 4A4A07502AF9850A0081C066 /* BaseModuleDelegate.swift */; };
		4A4A07542AF9856E0081C066 /* AlertRequestable.swift in Sources */ = {isa = PBXBuildFile; fileRef = 4A4A07532AF9856E0081C066 /* AlertRequestable.swift */; };
		4A4A07572AF985F80081C066 /* TypeAliasses.swift in Sources */ = {isa = PBXBuildFile; fileRef = 4A4A07562AF985F80081C066 /* TypeAliasses.swift */; };
		4A4A07592AF986750081C066 /* DismissRequestable.swift in Sources */ = {isa = PBXBuildFile; fileRef = 4A4A07582AF986750081C066 /* DismissRequestable.swift */; };
		4A4A075B2AF986D60081C066 /* GoBackRequestable.swift in Sources */ = {isa = PBXBuildFile; fileRef = 4A4A075A2AF986D60081C066 /* GoBackRequestable.swift */; };
		4A4A075E2AF989F40081C066 /* String+Constants.swift in Sources */ = {isa = PBXBuildFile; fileRef = 4A4A075D2AF989F40081C066 /* String+Constants.swift */; };
		4A4A07612AF98A5D0081C066 /* AlertPresentable.swift in Sources */ = {isa = PBXBuildFile; fileRef = 4A4A07602AF98A5D0081C066 /* AlertPresentable.swift */; };
		4A4A07632AF98B320081C066 /* UIViewController+TopMostViewController.swift in Sources */ = {isa = PBXBuildFile; fileRef = 4A4A07622AF98B320081C066 /* UIViewController+TopMostViewController.swift */; };
		4A4A07652AF98B7C0081C066 /* UIApplication+KeyWindow.swift in Sources */ = {isa = PBXBuildFile; fileRef = 4A4A07642AF98B7C0081C066 /* UIApplication+KeyWindow.swift */; };
		4A4A07672AF98C7D0081C066 /* ViewLifecycleable.swift in Sources */ = {isa = PBXBuildFile; fileRef = 4A4A07662AF98C7D0081C066 /* ViewLifecycleable.swift */; };
		4A4A076A2AF98CF50081C066 /* BaseViewController.swift in Sources */ = {isa = PBXBuildFile; fileRef = 4A4A07692AF98CF50081C066 /* BaseViewController.swift */; };
		4A4A076C2AF98E370081C066 /* Optional+isNotNill.swift in Sources */ = {isa = PBXBuildFile; fileRef = 4A4A076B2AF98E370081C066 /* Optional+isNotNill.swift */; };
		4A4A076E2AF98E500081C066 /* Optional+IsNill.swift in Sources */ = {isa = PBXBuildFile; fileRef = 4A4A076D2AF98E500081C066 /* Optional+IsNill.swift */; };
		4A6CABD02AFAA6D400B21E59 /* AppEnvironment.swift in Sources */ = {isa = PBXBuildFile; fileRef = 4A6CABCF2AFAA6D400B21E59 /* AppEnvironment.swift */; };
		4A6CABD22AFAA7A500B21E59 /* AppRouter.swift in Sources */ = {isa = PBXBuildFile; fileRef = 4A6CABD12AFAA7A500B21E59 /* AppRouter.swift */; };
		4A6CABD52AFAA91F00B21E59 /* Endpoint.swift in Sources */ = {isa = PBXBuildFile; fileRef = 4A6CABD42AFAA91F00B21E59 /* Endpoint.swift */; };
		4A6CABD82AFAAA0500B21E59 /* GetRootCategoriesClient.swift in Sources */ = {isa = PBXBuildFile; fileRef = 4A6CABD72AFAAA0500B21E59 /* GetRootCategoriesClient.swift */; };
		4A6CABDB2AFAAA5900B21E59 /* BaseClient.swift in Sources */ = {isa = PBXBuildFile; fileRef = 4A6CABDA2AFAAA5900B21E59 /* BaseClient.swift */; };
		4A6CABDD2AFAAA9700B21E59 /* ClientProtocol.swift in Sources */ = {isa = PBXBuildFile; fileRef = 4A6CABDC2AFAAA9700B21E59 /* ClientProtocol.swift */; };
		4A6CABDF2AFAAAC200B21E59 /* HTTPService.swift in Sources */ = {isa = PBXBuildFile; fileRef = 4A6CABDE2AFAAAC200B21E59 /* HTTPService.swift */; };
		4A6CABF42AFABBEF00B21E59 /* RootCategoriesPresenter.swift in Sources */ = {isa = PBXBuildFile; fileRef = 4A6CABEE2AFABBEF00B21E59 /* RootCategoriesPresenter.swift */; };
		4A6CABF52AFABBEF00B21E59 /* RootCategoriesViewController.swift in Sources */ = {isa = PBXBuildFile; fileRef = 4A6CABEF2AFABBEF00B21E59 /* RootCategoriesViewController.swift */; };
		4A6CABF62AFABBEF00B21E59 /* RootCategoriesProtocols.swift in Sources */ = {isa = PBXBuildFile; fileRef = 4A6CABF02AFABBEF00B21E59 /* RootCategoriesProtocols.swift */; };
		4A6CABF72AFABBEF00B21E59 /* RootCategoriesInteractor.swift in Sources */ = {isa = PBXBuildFile; fileRef = 4A6CABF12AFABBEF00B21E59 /* RootCategoriesInteractor.swift */; };
		4A6CABF82AFABBEF00B21E59 /* RootCategoriesWireframe.swift in Sources */ = {isa = PBXBuildFile; fileRef = 4A6CABF22AFABBEF00B21E59 /* RootCategoriesWireframe.swift */; };
		4A6CABFB2AFABD5E00B21E59 /* RootCategoriesModuleRequestable.swift in Sources */ = {isa = PBXBuildFile; fileRef = 4A6CABFA2AFABD5E00B21E59 /* RootCategoriesModuleRequestable.swift */; };
		4A6CABFD2AFAD3F600B21E59 /* RootCategoryCell.swift in Sources */ = {isa = PBXBuildFile; fileRef = 4A6CABFC2AFAD3F600B21E59 /* RootCategoryCell.swift */; };
		4A6CABFF2AFAD7BB00B21E59 /* DataSource.swift in Sources */ = {isa = PBXBuildFile; fileRef = 4A6CABFE2AFAD7BB00B21E59 /* DataSource.swift */; };
		4A6CAC022AFAD86300B21E59 /* BaseCell.swift in Sources */ = {isa = PBXBuildFile; fileRef = 4A6CAC012AFAD86300B21E59 /* BaseCell.swift */; };
		4A6CAC042AFAD8AF00B21E59 /* DataSourceable.swift in Sources */ = {isa = PBXBuildFile; fileRef = 4A6CAC032AFAD8AF00B21E59 /* DataSourceable.swift */; };
		4A6CAC082AFBC7F900B21E59 /* GetRootCategoriesResult.swift in Sources */ = {isa = PBXBuildFile; fileRef = 4A6CAC072AFBC7F900B21E59 /* GetRootCategoriesResult.swift */; };
		4A6CAC0C2AFBDA5C00B21E59 /* Withable.swift in Sources */ = {isa = PBXBuildFile; fileRef = 4A6CAC0B2AFBDA5C00B21E59 /* Withable.swift */; };
		4A6CAC0E2AFBDA9800B21E59 /* Stringable.swift in Sources */ = {isa = PBXBuildFile; fileRef = 4A6CAC0D2AFBDA9800B21E59 /* Stringable.swift */; };
		4A6CAC102AFBDB1500B21E59 /* UICollectionReusableView+ReuseIdentifier.swift in Sources */ = {isa = PBXBuildFile; fileRef = 4A6CAC0F2AFBDB1500B21E59 /* UICollectionReusableView+ReuseIdentifier.swift */; };
		4A6CAC122AFBDBC100B21E59 /* CollectionViewable.swift in Sources */ = {isa = PBXBuildFile; fileRef = 4A6CAC112AFBDBC100B21E59 /* CollectionViewable.swift */; };
		4A6CAC142AFBDBEF00B21E59 /* CollectionViewDataSource.swift in Sources */ = {isa = PBXBuildFile; fileRef = 4A6CAC132AFBDBEF00B21E59 /* CollectionViewDataSource.swift */; };
		4A6CAC162AFBDC4F00B21E59 /* CollectionViewDelegateable.swift in Sources */ = {isa = PBXBuildFile; fileRef = 4A6CAC152AFBDC4F00B21E59 /* CollectionViewDelegateable.swift */; };
		4A6CAC182AFBDC7500B21E59 /* CollectionViewSizeable.swift in Sources */ = {isa = PBXBuildFile; fileRef = 4A6CAC172AFBDC7500B21E59 /* CollectionViewSizeable.swift */; };
		4A6CAC1A2AFBDF4400B21E59 /* ScreenSizeMeasurable.swift in Sources */ = {isa = PBXBuildFile; fileRef = 4A6CAC192AFBDF4400B21E59 /* ScreenSizeMeasurable.swift */; };
		4A6CAC1C2AFBDFC600B21E59 /* UIViewController+ScreenWidth.swift in Sources */ = {isa = PBXBuildFile; fileRef = 4A6CAC1B2AFBDFC600B21E59 /* UIViewController+ScreenWidth.swift */; };
		4A6CAC1E2AFBDFF700B21E59 /* UIViewController+ScreenHeight.swift in Sources */ = {isa = PBXBuildFile; fileRef = 4A6CAC1D2AFBDFF700B21E59 /* UIViewController+ScreenHeight.swift */; };
		4A6CAC202AFC0B6C00B21E59 /* ChildrenCategory.swift in Sources */ = {isa = PBXBuildFile; fileRef = 4A6CAC1F2AFC0B6C00B21E59 /* ChildrenCategory.swift */; };
		4A6CAC362AFC130E00B21E59 /* ChildrenCategoriesPresenter.swift in Sources */ = {isa = PBXBuildFile; fileRef = 4A6CAC302AFC130E00B21E59 /* ChildrenCategoriesPresenter.swift */; };
		4A6CAC372AFC130E00B21E59 /* ChildrenCategoriesViewController.swift in Sources */ = {isa = PBXBuildFile; fileRef = 4A6CAC312AFC130E00B21E59 /* ChildrenCategoriesViewController.swift */; };
		4A6CAC382AFC130E00B21E59 /* ChildrenCategoriesProtocols.swift in Sources */ = {isa = PBXBuildFile; fileRef = 4A6CAC322AFC130E00B21E59 /* ChildrenCategoriesProtocols.swift */; };
		4A6CAC392AFC130E00B21E59 /* ChildrenCategoriesInteractor.swift in Sources */ = {isa = PBXBuildFile; fileRef = 4A6CAC332AFC130E00B21E59 /* ChildrenCategoriesInteractor.swift */; };
		4A6CAC3A2AFC130E00B21E59 /* ChildrenCategoriesWireframe.swift in Sources */ = {isa = PBXBuildFile; fileRef = 4A6CAC342AFC130E00B21E59 /* ChildrenCategoriesWireframe.swift */; };
		4A6CAC482AFC139900B21E59 /* ChildrenCategoriesModuleRequestable.swift in Sources */ = {isa = PBXBuildFile; fileRef = 4A6CAC472AFC139900B21E59 /* ChildrenCategoriesModuleRequestable.swift */; };
		4A6CAC4A2AFC15CD00B21E59 /* GetChildrenCategoriesClient.swift in Sources */ = {isa = PBXBuildFile; fileRef = 4A6CAC492AFC15CD00B21E59 /* GetChildrenCategoriesClient.swift */; };
		4A6CAC4E2AFC1C4E00B21E59 /* GetChildrenCategoriesResult.swift in Sources */ = {isa = PBXBuildFile; fileRef = 4A6CAC4D2AFC1C4E00B21E59 /* GetChildrenCategoriesResult.swift */; };
		4A6CAC502AFC1E4500B21E59 /* GetChildrenCategoriesResponse.swift in Sources */ = {isa = PBXBuildFile; fileRef = 4A6CAC4F2AFC1E4500B21E59 /* GetChildrenCategoriesResponse.swift */; };
		4A6CAC542AFC2C8800B21E59 /* ChildrenCategoryCell.swift in Sources */ = {isa = PBXBuildFile; fileRef = 4A6CAC532AFC2C8800B21E59 /* ChildrenCategoryCell.swift */; };
		4A6CAC562AFC6B9800B21E59 /* ListedItem.swift in Sources */ = {isa = PBXBuildFile; fileRef = 4A6CAC552AFC6B9800B21E59 /* ListedItem.swift */; };
		4A6CAC5F2AFC702800B21E59 /* ListedItemsPresenter.swift in Sources */ = {isa = PBXBuildFile; fileRef = 4A6CAC592AFC702800B21E59 /* ListedItemsPresenter.swift */; };
		4A6CAC602AFC702800B21E59 /* ListedItemsViewController.swift in Sources */ = {isa = PBXBuildFile; fileRef = 4A6CAC5A2AFC702800B21E59 /* ListedItemsViewController.swift */; };
		4A6CAC612AFC702800B21E59 /* ListedItemsProtocols.swift in Sources */ = {isa = PBXBuildFile; fileRef = 4A6CAC5B2AFC702800B21E59 /* ListedItemsProtocols.swift */; };
		4A6CAC622AFC702800B21E59 /* ListedItemsInteractor.swift in Sources */ = {isa = PBXBuildFile; fileRef = 4A6CAC5C2AFC702800B21E59 /* ListedItemsInteractor.swift */; };
		4A6CAC632AFC702800B21E59 /* ListedItemsWireframe.swift in Sources */ = {isa = PBXBuildFile; fileRef = 4A6CAC5D2AFC702800B21E59 /* ListedItemsWireframe.swift */; };
		4A6CAC652AFC73A900B21E59 /* GetItemListPerChildrenCategoryResult.swift in Sources */ = {isa = PBXBuildFile; fileRef = 4A6CAC642AFC73A900B21E59 /* GetItemListPerChildrenCategoryResult.swift */; };
		4A6CAC672AFC778400B21E59 /* GetItemListPerChildrenCategoryClient.swift in Sources */ = {isa = PBXBuildFile; fileRef = 4A6CAC662AFC778400B21E59 /* GetItemListPerChildrenCategoryClient.swift */; };
		4A6CAC692AFC77D500B21E59 /* GetItemListPerChildrenCategoryResponse.swift in Sources */ = {isa = PBXBuildFile; fileRef = 4A6CAC682AFC77D500B21E59 /* GetItemListPerChildrenCategoryResponse.swift */; };
		4A6CAC6B2AFC79C400B21E59 /* ItemListPerChildrenCategoryRequestable.swift in Sources */ = {isa = PBXBuildFile; fileRef = 4A6CAC6A2AFC79C400B21E59 /* ItemListPerChildrenCategoryRequestable.swift */; };
		4A6CAC6D2AFC7D0F00B21E59 /* ParametersConvertible.swift in Sources */ = {isa = PBXBuildFile; fileRef = 4A6CAC6C2AFC7D0F00B21E59 /* ParametersConvertible.swift */; };
		4A6CAC702AFC7DBB00B21E59 /* GetItemListPerChildrenCategoryParameters.swift in Sources */ = {isa = PBXBuildFile; fileRef = 4A6CAC6F2AFC7DBB00B21E59 /* GetItemListPerChildrenCategoryParameters.swift */; };
		4A6CAC722AFC80B900B21E59 /* ItemCell.swift in Sources */ = {isa = PBXBuildFile; fileRef = 4A6CAC712AFC80B900B21E59 /* ItemCell.swift */; };
/* End PBXBuildFile section */

/* Begin PBXFileReference section */
		23D3BB878C7716805EE1943D /* Pods-mercadolivre.debug.xcconfig */ = {isa = PBXFileReference; includeInIndex = 1; lastKnownFileType = text.xcconfig; name = "Pods-mercadolivre.debug.xcconfig"; path = "Target Support Files/Pods-mercadolivre/Pods-mercadolivre.debug.xcconfig"; sourceTree = "<group>"; };
		4A2864452AF994E9003B4943 /* UIApplication+TopMostViewController.swift */ = {isa = PBXFileReference; lastKnownFileType = sourcecode.swift; path = "UIApplication+TopMostViewController.swift"; sourceTree = "<group>"; };
		4A2864482AF99F8F003B4943 /* AppCoordinator.swift */ = {isa = PBXFileReference; lastKnownFileType = sourcecode.swift; path = AppCoordinator.swift; sourceTree = "<group>"; };
		4A28644A2AF9A09F003B4943 /* BaseCoordinatorParent.swift */ = {isa = PBXFileReference; lastKnownFileType = sourcecode.swift; path = BaseCoordinatorParent.swift; sourceTree = "<group>"; };
		4A28644C2AF9A0C0003B4943 /* Coordinator.swift */ = {isa = PBXFileReference; lastKnownFileType = sourcecode.swift; path = Coordinator.swift; sourceTree = "<group>"; };
		4A28644E2AF9A148003B4943 /* BaseCoordinator.swift */ = {isa = PBXFileReference; lastKnownFileType = sourcecode.swift; path = BaseCoordinator.swift; sourceTree = "<group>"; };
		4A2864502AF9A212003B4943 /* Array+Coordinator.swift */ = {isa = PBXFileReference; lastKnownFileType = sourcecode.swift; path = "Array+Coordinator.swift"; sourceTree = "<group>"; };
		4A2864522AF9A292003B4943 /* UIViewController+DismissPresentedViewController.swift */ = {isa = PBXFileReference; lastKnownFileType = sourcecode.swift; path = "UIViewController+DismissPresentedViewController.swift"; sourceTree = "<group>"; };
		4A2864542AF9A2DB003B4943 /* UIViewController+isPresenting.swift */ = {isa = PBXFileReference; lastKnownFileType = sourcecode.swift; path = "UIViewController+isPresenting.swift"; sourceTree = "<group>"; };
		4A2864572AF9AA5A003B4943 /* StatusBarStyleNavigationController.swift */ = {isa = PBXFileReference; lastKnownFileType = sourcecode.swift; path = StatusBarStyleNavigationController.swift; sourceTree = "<group>"; };
		4A35EAC12AFA9D6C000F199F /* RootCategory.swift */ = {isa = PBXFileReference; lastKnownFileType = sourcecode.swift; path = RootCategory.swift; sourceTree = "<group>"; };
		4A46521E2AFD312700076C6A /* ItemPresenter.swift */ = {isa = PBXFileReference; lastKnownFileType = sourcecode.swift; path = ItemPresenter.swift; sourceTree = "<group>"; };
		4A46521F2AFD312700076C6A /* ItemViewController.swift */ = {isa = PBXFileReference; lastKnownFileType = sourcecode.swift; path = ItemViewController.swift; sourceTree = "<group>"; };
		4A4652202AFD312700076C6A /* ItemProtocols.swift */ = {isa = PBXFileReference; lastKnownFileType = sourcecode.swift; path = ItemProtocols.swift; sourceTree = "<group>"; };
		4A4652212AFD312700076C6A /* ItemInteractor.swift */ = {isa = PBXFileReference; lastKnownFileType = sourcecode.swift; path = ItemInteractor.swift; sourceTree = "<group>"; };
		4A4652222AFD312700076C6A /* ItemWireframe.swift */ = {isa = PBXFileReference; lastKnownFileType = sourcecode.swift; path = ItemWireframe.swift; sourceTree = "<group>"; };
		4A4652292AFD5EEF00076C6A /* Item.swift */ = {isa = PBXFileReference; lastKnownFileType = sourcecode.swift; path = Item.swift; sourceTree = "<group>"; };
		4A46522B2AFD637700076C6A /* ItemPicture.swift */ = {isa = PBXFileReference; lastKnownFileType = sourcecode.swift; path = ItemPicture.swift; sourceTree = "<group>"; };
		4A46522D2AFD689700076C6A /* GetItemClient.swift */ = {isa = PBXFileReference; lastKnownFileType = sourcecode.swift; path = GetItemClient.swift; sourceTree = "<group>"; };
		4A46522F2AFD74B800076C6A /* GetItemResult.swift */ = {isa = PBXFileReference; lastKnownFileType = sourcecode.swift; path = GetItemResult.swift; sourceTree = "<group>"; };
		4A4652312AFD8A7B00076C6A /* ItemRequestable.swift */ = {isa = PBXFileReference; lastKnownFileType = sourcecode.swift; path = ItemRequestable.swift; sourceTree = "<group>"; };
		4A46523A2AFE8B0A00076C6A /* ItemPicturesCell.swift */ = {isa = PBXFileReference; lastKnownFileType = sourcecode.swift; path = ItemPicturesCell.swift; sourceTree = "<group>"; };
		4A46523C2AFEC31F00076C6A /* Int+IntToStringAsCLP.swift */ = {isa = PBXFileReference; lastKnownFileType = sourcecode.swift; path = "Int+IntToStringAsCLP.swift"; sourceTree = "<group>"; };
		4A4A07292AF934240081C066 /* mercadolivre.app */ = {isa = PBXFileReference; explicitFileType = wrapper.application; includeInIndex = 0; path = mercadolivre.app; sourceTree = BUILT_PRODUCTS_DIR; };
		4A4A072C2AF934240081C066 /* AppDelegate.swift */ = {isa = PBXFileReference; lastKnownFileType = sourcecode.swift; path = AppDelegate.swift; sourceTree = "<group>"; };
		4A4A07352AF934250081C066 /* Assets.xcassets */ = {isa = PBXFileReference; lastKnownFileType = folder.assetcatalog; path = Assets.xcassets; sourceTree = "<group>"; };
		4A4A073A2AF934250081C066 /* Info.plist */ = {isa = PBXFileReference; lastKnownFileType = text.plist.xml; path = Info.plist; sourceTree = "<group>"; };
		4A4A07412AF984210081C066 /* SplashPresenter.swift */ = {isa = PBXFileReference; lastKnownFileType = sourcecode.swift; path = SplashPresenter.swift; sourceTree = "<group>"; };
		4A4A07422AF984210081C066 /* SplashViewController.swift */ = {isa = PBXFileReference; lastKnownFileType = sourcecode.swift; path = SplashViewController.swift; sourceTree = "<group>"; };
		4A4A07432AF984210081C066 /* SplashProtocols.swift */ = {isa = PBXFileReference; lastKnownFileType = sourcecode.swift; path = SplashProtocols.swift; sourceTree = "<group>"; };
		4A4A07442AF984210081C066 /* SplashInteractor.swift */ = {isa = PBXFileReference; lastKnownFileType = sourcecode.swift; path = SplashInteractor.swift; sourceTree = "<group>"; };
		4A4A07452AF984210081C066 /* SplashWireframe.swift */ = {isa = PBXFileReference; lastKnownFileType = sourcecode.swift; path = SplashWireframe.swift; sourceTree = "<group>"; };
		4A4A07502AF9850A0081C066 /* BaseModuleDelegate.swift */ = {isa = PBXFileReference; lastKnownFileType = sourcecode.swift; path = BaseModuleDelegate.swift; sourceTree = "<group>"; };
		4A4A07532AF9856E0081C066 /* AlertRequestable.swift */ = {isa = PBXFileReference; lastKnownFileType = sourcecode.swift; path = AlertRequestable.swift; sourceTree = "<group>"; };
		4A4A07562AF985F80081C066 /* TypeAliasses.swift */ = {isa = PBXFileReference; lastKnownFileType = sourcecode.swift; path = TypeAliasses.swift; sourceTree = "<group>"; };
		4A4A07582AF986750081C066 /* DismissRequestable.swift */ = {isa = PBXFileReference; lastKnownFileType = sourcecode.swift; path = DismissRequestable.swift; sourceTree = "<group>"; };
		4A4A075A2AF986D60081C066 /* GoBackRequestable.swift */ = {isa = PBXFileReference; lastKnownFileType = sourcecode.swift; path = GoBackRequestable.swift; sourceTree = "<group>"; };
		4A4A075D2AF989F40081C066 /* String+Constants.swift */ = {isa = PBXFileReference; lastKnownFileType = sourcecode.swift; path = "String+Constants.swift"; sourceTree = "<group>"; };
		4A4A07602AF98A5D0081C066 /* AlertPresentable.swift */ = {isa = PBXFileReference; lastKnownFileType = sourcecode.swift; path = AlertPresentable.swift; sourceTree = "<group>"; };
		4A4A07622AF98B320081C066 /* UIViewController+TopMostViewController.swift */ = {isa = PBXFileReference; lastKnownFileType = sourcecode.swift; path = "UIViewController+TopMostViewController.swift"; sourceTree = "<group>"; };
		4A4A07642AF98B7C0081C066 /* UIApplication+KeyWindow.swift */ = {isa = PBXFileReference; lastKnownFileType = sourcecode.swift; path = "UIApplication+KeyWindow.swift"; sourceTree = "<group>"; };
		4A4A07662AF98C7D0081C066 /* ViewLifecycleable.swift */ = {isa = PBXFileReference; lastKnownFileType = sourcecode.swift; path = ViewLifecycleable.swift; sourceTree = "<group>"; };
		4A4A07692AF98CF50081C066 /* BaseViewController.swift */ = {isa = PBXFileReference; lastKnownFileType = sourcecode.swift; path = BaseViewController.swift; sourceTree = "<group>"; };
		4A4A076B2AF98E370081C066 /* Optional+isNotNill.swift */ = {isa = PBXFileReference; lastKnownFileType = sourcecode.swift; path = "Optional+isNotNill.swift"; sourceTree = "<group>"; };
		4A4A076D2AF98E500081C066 /* Optional+IsNill.swift */ = {isa = PBXFileReference; lastKnownFileType = sourcecode.swift; path = "Optional+IsNill.swift"; sourceTree = "<group>"; };
		4A6CABCF2AFAA6D400B21E59 /* AppEnvironment.swift */ = {isa = PBXFileReference; lastKnownFileType = sourcecode.swift; path = AppEnvironment.swift; sourceTree = "<group>"; };
		4A6CABD12AFAA7A500B21E59 /* AppRouter.swift */ = {isa = PBXFileReference; lastKnownFileType = sourcecode.swift; path = AppRouter.swift; sourceTree = "<group>"; };
		4A6CABD42AFAA91F00B21E59 /* Endpoint.swift */ = {isa = PBXFileReference; lastKnownFileType = sourcecode.swift; path = Endpoint.swift; sourceTree = "<group>"; };
		4A6CABD72AFAAA0500B21E59 /* GetRootCategoriesClient.swift */ = {isa = PBXFileReference; lastKnownFileType = sourcecode.swift; path = GetRootCategoriesClient.swift; sourceTree = "<group>"; };
		4A6CABDA2AFAAA5900B21E59 /* BaseClient.swift */ = {isa = PBXFileReference; lastKnownFileType = sourcecode.swift; path = BaseClient.swift; sourceTree = "<group>"; };
		4A6CABDC2AFAAA9700B21E59 /* ClientProtocol.swift */ = {isa = PBXFileReference; lastKnownFileType = sourcecode.swift; path = ClientProtocol.swift; sourceTree = "<group>"; };
		4A6CABDE2AFAAAC200B21E59 /* HTTPService.swift */ = {isa = PBXFileReference; lastKnownFileType = sourcecode.swift; path = HTTPService.swift; sourceTree = "<group>"; };
		4A6CABEE2AFABBEF00B21E59 /* RootCategoriesPresenter.swift */ = {isa = PBXFileReference; lastKnownFileType = sourcecode.swift; path = RootCategoriesPresenter.swift; sourceTree = "<group>"; };
		4A6CABEF2AFABBEF00B21E59 /* RootCategoriesViewController.swift */ = {isa = PBXFileReference; lastKnownFileType = sourcecode.swift; path = RootCategoriesViewController.swift; sourceTree = "<group>"; };
		4A6CABF02AFABBEF00B21E59 /* RootCategoriesProtocols.swift */ = {isa = PBXFileReference; lastKnownFileType = sourcecode.swift; path = RootCategoriesProtocols.swift; sourceTree = "<group>"; };
		4A6CABF12AFABBEF00B21E59 /* RootCategoriesInteractor.swift */ = {isa = PBXFileReference; lastKnownFileType = sourcecode.swift; path = RootCategoriesInteractor.swift; sourceTree = "<group>"; };
		4A6CABF22AFABBEF00B21E59 /* RootCategoriesWireframe.swift */ = {isa = PBXFileReference; lastKnownFileType = sourcecode.swift; path = RootCategoriesWireframe.swift; sourceTree = "<group>"; };
		4A6CABFA2AFABD5E00B21E59 /* RootCategoriesModuleRequestable.swift */ = {isa = PBXFileReference; lastKnownFileType = sourcecode.swift; path = RootCategoriesModuleRequestable.swift; sourceTree = "<group>"; };
		4A6CABFC2AFAD3F600B21E59 /* RootCategoryCell.swift */ = {isa = PBXFileReference; lastKnownFileType = sourcecode.swift; path = RootCategoryCell.swift; sourceTree = "<group>"; };
		4A6CABFE2AFAD7BB00B21E59 /* DataSource.swift */ = {isa = PBXFileReference; lastKnownFileType = sourcecode.swift; path = DataSource.swift; sourceTree = "<group>"; };
		4A6CAC012AFAD86300B21E59 /* BaseCell.swift */ = {isa = PBXFileReference; lastKnownFileType = sourcecode.swift; path = BaseCell.swift; sourceTree = "<group>"; };
		4A6CAC032AFAD8AF00B21E59 /* DataSourceable.swift */ = {isa = PBXFileReference; lastKnownFileType = sourcecode.swift; path = DataSourceable.swift; sourceTree = "<group>"; };
		4A6CAC072AFBC7F900B21E59 /* GetRootCategoriesResult.swift */ = {isa = PBXFileReference; lastKnownFileType = sourcecode.swift; path = GetRootCategoriesResult.swift; sourceTree = "<group>"; };
		4A6CAC0B2AFBDA5C00B21E59 /* Withable.swift */ = {isa = PBXFileReference; lastKnownFileType = sourcecode.swift; path = Withable.swift; sourceTree = "<group>"; };
		4A6CAC0D2AFBDA9800B21E59 /* Stringable.swift */ = {isa = PBXFileReference; lastKnownFileType = sourcecode.swift; path = Stringable.swift; sourceTree = "<group>"; };
		4A6CAC0F2AFBDB1500B21E59 /* UICollectionReusableView+ReuseIdentifier.swift */ = {isa = PBXFileReference; lastKnownFileType = sourcecode.swift; path = "UICollectionReusableView+ReuseIdentifier.swift"; sourceTree = "<group>"; };
		4A6CAC112AFBDBC100B21E59 /* CollectionViewable.swift */ = {isa = PBXFileReference; lastKnownFileType = sourcecode.swift; path = CollectionViewable.swift; sourceTree = "<group>"; };
		4A6CAC132AFBDBEF00B21E59 /* CollectionViewDataSource.swift */ = {isa = PBXFileReference; lastKnownFileType = sourcecode.swift; path = CollectionViewDataSource.swift; sourceTree = "<group>"; };
		4A6CAC152AFBDC4F00B21E59 /* CollectionViewDelegateable.swift */ = {isa = PBXFileReference; lastKnownFileType = sourcecode.swift; path = CollectionViewDelegateable.swift; sourceTree = "<group>"; };
		4A6CAC172AFBDC7500B21E59 /* CollectionViewSizeable.swift */ = {isa = PBXFileReference; lastKnownFileType = sourcecode.swift; path = CollectionViewSizeable.swift; sourceTree = "<group>"; };
		4A6CAC192AFBDF4400B21E59 /* ScreenSizeMeasurable.swift */ = {isa = PBXFileReference; lastKnownFileType = sourcecode.swift; path = ScreenSizeMeasurable.swift; sourceTree = "<group>"; };
		4A6CAC1B2AFBDFC600B21E59 /* UIViewController+ScreenWidth.swift */ = {isa = PBXFileReference; lastKnownFileType = sourcecode.swift; path = "UIViewController+ScreenWidth.swift"; sourceTree = "<group>"; };
		4A6CAC1D2AFBDFF700B21E59 /* UIViewController+ScreenHeight.swift */ = {isa = PBXFileReference; lastKnownFileType = sourcecode.swift; path = "UIViewController+ScreenHeight.swift"; sourceTree = "<group>"; };
		4A6CAC1F2AFC0B6C00B21E59 /* ChildrenCategory.swift */ = {isa = PBXFileReference; lastKnownFileType = sourcecode.swift; path = ChildrenCategory.swift; sourceTree = "<group>"; };
		4A6CAC302AFC130E00B21E59 /* ChildrenCategoriesPresenter.swift */ = {isa = PBXFileReference; lastKnownFileType = sourcecode.swift; path = ChildrenCategoriesPresenter.swift; sourceTree = "<group>"; };
		4A6CAC312AFC130E00B21E59 /* ChildrenCategoriesViewController.swift */ = {isa = PBXFileReference; lastKnownFileType = sourcecode.swift; path = ChildrenCategoriesViewController.swift; sourceTree = "<group>"; };
		4A6CAC322AFC130E00B21E59 /* ChildrenCategoriesProtocols.swift */ = {isa = PBXFileReference; lastKnownFileType = sourcecode.swift; path = ChildrenCategoriesProtocols.swift; sourceTree = "<group>"; };
		4A6CAC332AFC130E00B21E59 /* ChildrenCategoriesInteractor.swift */ = {isa = PBXFileReference; lastKnownFileType = sourcecode.swift; path = ChildrenCategoriesInteractor.swift; sourceTree = "<group>"; };
		4A6CAC342AFC130E00B21E59 /* ChildrenCategoriesWireframe.swift */ = {isa = PBXFileReference; lastKnownFileType = sourcecode.swift; path = ChildrenCategoriesWireframe.swift; sourceTree = "<group>"; };
		4A6CAC472AFC139900B21E59 /* ChildrenCategoriesModuleRequestable.swift */ = {isa = PBXFileReference; lastKnownFileType = sourcecode.swift; path = ChildrenCategoriesModuleRequestable.swift; sourceTree = "<group>"; };
		4A6CAC492AFC15CD00B21E59 /* GetChildrenCategoriesClient.swift */ = {isa = PBXFileReference; lastKnownFileType = sourcecode.swift; path = GetChildrenCategoriesClient.swift; sourceTree = "<group>"; };
		4A6CAC4D2AFC1C4E00B21E59 /* GetChildrenCategoriesResult.swift */ = {isa = PBXFileReference; lastKnownFileType = sourcecode.swift; path = GetChildrenCategoriesResult.swift; sourceTree = "<group>"; };
		4A6CAC4F2AFC1E4500B21E59 /* GetChildrenCategoriesResponse.swift */ = {isa = PBXFileReference; lastKnownFileType = sourcecode.swift; path = GetChildrenCategoriesResponse.swift; sourceTree = "<group>"; };
		4A6CAC532AFC2C8800B21E59 /* ChildrenCategoryCell.swift */ = {isa = PBXFileReference; lastKnownFileType = sourcecode.swift; path = ChildrenCategoryCell.swift; sourceTree = "<group>"; };
		4A6CAC552AFC6B9800B21E59 /* ListedItem.swift */ = {isa = PBXFileReference; lastKnownFileType = sourcecode.swift; path = ListedItem.swift; sourceTree = "<group>"; };
		4A6CAC592AFC702800B21E59 /* ListedItemsPresenter.swift */ = {isa = PBXFileReference; lastKnownFileType = sourcecode.swift; path = ListedItemsPresenter.swift; sourceTree = "<group>"; };
		4A6CAC5A2AFC702800B21E59 /* ListedItemsViewController.swift */ = {isa = PBXFileReference; lastKnownFileType = sourcecode.swift; path = ListedItemsViewController.swift; sourceTree = "<group>"; };
		4A6CAC5B2AFC702800B21E59 /* ListedItemsProtocols.swift */ = {isa = PBXFileReference; lastKnownFileType = sourcecode.swift; path = ListedItemsProtocols.swift; sourceTree = "<group>"; };
		4A6CAC5C2AFC702800B21E59 /* ListedItemsInteractor.swift */ = {isa = PBXFileReference; lastKnownFileType = sourcecode.swift; path = ListedItemsInteractor.swift; sourceTree = "<group>"; };
		4A6CAC5D2AFC702800B21E59 /* ListedItemsWireframe.swift */ = {isa = PBXFileReference; lastKnownFileType = sourcecode.swift; path = ListedItemsWireframe.swift; sourceTree = "<group>"; };
		4A6CAC642AFC73A900B21E59 /* GetItemListPerChildrenCategoryResult.swift */ = {isa = PBXFileReference; lastKnownFileType = sourcecode.swift; path = GetItemListPerChildrenCategoryResult.swift; sourceTree = "<group>"; };
		4A6CAC662AFC778400B21E59 /* GetItemListPerChildrenCategoryClient.swift */ = {isa = PBXFileReference; lastKnownFileType = sourcecode.swift; path = GetItemListPerChildrenCategoryClient.swift; sourceTree = "<group>"; };
		4A6CAC682AFC77D500B21E59 /* GetItemListPerChildrenCategoryResponse.swift */ = {isa = PBXFileReference; lastKnownFileType = sourcecode.swift; path = GetItemListPerChildrenCategoryResponse.swift; sourceTree = "<group>"; };
		4A6CAC6A2AFC79C400B21E59 /* ItemListPerChildrenCategoryRequestable.swift */ = {isa = PBXFileReference; lastKnownFileType = sourcecode.swift; path = ItemListPerChildrenCategoryRequestable.swift; sourceTree = "<group>"; };
		4A6CAC6C2AFC7D0F00B21E59 /* ParametersConvertible.swift */ = {isa = PBXFileReference; lastKnownFileType = sourcecode.swift; path = ParametersConvertible.swift; sourceTree = "<group>"; };
		4A6CAC6F2AFC7DBB00B21E59 /* GetItemListPerChildrenCategoryParameters.swift */ = {isa = PBXFileReference; lastKnownFileType = sourcecode.swift; path = GetItemListPerChildrenCategoryParameters.swift; sourceTree = "<group>"; };
		4A6CAC712AFC80B900B21E59 /* ItemCell.swift */ = {isa = PBXFileReference; lastKnownFileType = sourcecode.swift; path = ItemCell.swift; sourceTree = "<group>"; };
		6F9F0029AE5B709256D8A982 /* Pods-mercadolivre.release.xcconfig */ = {isa = PBXFileReference; includeInIndex = 1; lastKnownFileType = text.xcconfig; name = "Pods-mercadolivre.release.xcconfig"; path = "Target Support Files/Pods-mercadolivre/Pods-mercadolivre.release.xcconfig"; sourceTree = "<group>"; };
		B93967E54EC0DE7B9D747241 /* Pods_mercadolivre.framework */ = {isa = PBXFileReference; explicitFileType = wrapper.framework; includeInIndex = 0; path = Pods_mercadolivre.framework; sourceTree = BUILT_PRODUCTS_DIR; };
/* End PBXFileReference section */

/* Begin PBXFrameworksBuildPhase section */
		4A4A07262AF934240081C066 /* Frameworks */ = {
			isa = PBXFrameworksBuildPhase;
			buildActionMask = 2147483647;
			files = (
				0B194A7DB90EFC4EA3A494AB /* Pods_mercadolivre.framework in Frameworks */,
			);
			runOnlyForDeploymentPostprocessing = 0;
		};
/* End PBXFrameworksBuildPhase section */

/* Begin PBXGroup section */
		4A2864472AF99F7D003B4943 /* Coordinators */ = {
			isa = PBXGroup;
			children = (
				4A2864482AF99F8F003B4943 /* AppCoordinator.swift */,
			);
			path = Coordinators;
			sourceTree = "<group>";
		};
		4A2864562AF9AA43003B4943 /* NavigationController */ = {
			isa = PBXGroup;
			children = (
				4A2864572AF9AA5A003B4943 /* StatusBarStyleNavigationController.swift */,
			);
			path = NavigationController;
			sourceTree = "<group>";
		};
		4A35EAC02AFA9D2C000F199F /* Model */ = {
			isa = PBXGroup;
			children = (
				4A6CAC1F2AFC0B6C00B21E59 /* ChildrenCategory.swift */,
				4A4652292AFD5EEF00076C6A /* Item.swift */,
				4A46522B2AFD637700076C6A /* ItemPicture.swift */,
				4A6CAC552AFC6B9800B21E59 /* ListedItem.swift */,
				4A35EAC12AFA9D6C000F199F /* RootCategory.swift */,
				4A6CAC062AFBC7DE00B21E59 /* HandlersResults */,
				4A6CAC6E2AFC7DA600B21E59 /* Parameters */,
				4A35EAC42AFAA012000F199F /* Responses */,
			);
			path = Model;
			sourceTree = "<group>";
		};
		4A35EAC32AFA9FFE000F199F /* Network */ = {
			isa = PBXGroup;
			children = (
				4A6CABCF2AFAA6D400B21E59 /* AppEnvironment.swift */,
				4A6CABD12AFAA7A500B21E59 /* AppRouter.swift */,
				4A6CABDE2AFAAAC200B21E59 /* HTTPService.swift */,
				4A6CABD62AFAA97600B21E59 /* Clients */,
			);
			path = Network;
			sourceTree = "<group>";
		};
		4A35EAC42AFAA012000F199F /* Responses */ = {
			isa = PBXGroup;
			children = (
				4A6CAC4F2AFC1E4500B21E59 /* GetChildrenCategoriesResponse.swift */,
				4A6CAC682AFC77D500B21E59 /* GetItemListPerChildrenCategoryResponse.swift */,
			);
			path = Responses;
			sourceTree = "<group>";
		};
		4A46521C2AFD30DF00076C6A /* ItemModule */ = {
			isa = PBXGroup;
			children = (
				4A4652212AFD312700076C6A /* ItemInteractor.swift */,
				4A46521E2AFD312700076C6A /* ItemPresenter.swift */,
				4A4652202AFD312700076C6A /* ItemProtocols.swift */,
				4A46521F2AFD312700076C6A /* ItemViewController.swift */,
				4A4652222AFD312700076C6A /* ItemWireframe.swift */,
				4A4652392AFE8AF600076C6A /* Cells */,
			);
			path = ItemModule;
			sourceTree = "<group>";
		};
		4A4652342AFE89B000076C6A /* Cells */ = {
			isa = PBXGroup;
			children = (
				4A6CAC532AFC2C8800B21E59 /* ChildrenCategoryCell.swift */,
			);
			path = Cells;
			sourceTree = "<group>";
		};
		4A4652352AFE89BE00076C6A /* Cells */ = {
			isa = PBXGroup;
			children = (
				4A6CAC712AFC80B900B21E59 /* ItemCell.swift */,
			);
			path = Cells;
			sourceTree = "<group>";
		};
		4A4652362AFE89CC00076C6A /* Cells */ = {
			isa = PBXGroup;
			children = (
				4A6CABFC2AFAD3F600B21E59 /* RootCategoryCell.swift */,
			);
			path = Cells;
			sourceTree = "<group>";
		};
		4A4652392AFE8AF600076C6A /* Cells */ = {
			isa = PBXGroup;
			children = (
				4A46523A2AFE8B0A00076C6A /* ItemPicturesCell.swift */,
			);
			path = Cells;
			sourceTree = "<group>";
		};
		4A4A07202AF934240081C066 = {
			isa = PBXGroup;
			children = (
				4A4A072B2AF934240081C066 /* mercadolivre */,
				4A4A072A2AF934240081C066 /* Products */,
				BC73B7EDD8BB6BBAFF6AEF1F /* Pods */,
				5FDCED34DA14ED37758A6589 /* Frameworks */,
			);
			sourceTree = "<group>";
		};
		4A4A072A2AF934240081C066 /* Products */ = {
			isa = PBXGroup;
			children = (
				4A4A07292AF934240081C066 /* mercadolivre.app */,
			);
			name = Products;
			sourceTree = "<group>";
		};
		4A4A072B2AF934240081C066 /* mercadolivre */ = {
			isa = PBXGroup;
			children = (
				4A4A073A2AF934250081C066 /* Info.plist */,
				4A4A072C2AF934240081C066 /* AppDelegate.swift */,
				4A4A07352AF934250081C066 /* Assets.xcassets */,
				4A4A074E2AF984E10081C066 /* Common */,
				4A2864472AF99F7D003B4943 /* Coordinators */,
				4A35EAC02AFA9D2C000F199F /* Model */,
				4A6CABF92AFABD3200B21E59 /* ModuleDelegates */,
				4A4A074C2AF9842C0081C066 /* Modules */,
				4A35EAC32AFA9FFE000F199F /* Network */,
			);
			path = mercadolivre;
			sourceTree = "<group>";
		};
		4A4A074C2AF9842C0081C066 /* Modules */ = {
			isa = PBXGroup;
			children = (
				4A6CAC2E2AFC12F200B21E59 /* ChildrenCategories */,
				4A46521C2AFD30DF00076C6A /* ItemModule */,
				4A6CAC572AFC6FFB00B21E59 /* ListedItems */,
				4A6CABEC2AFABBCA00B21E59 /* RootCategories */,
				4A4A074D2AF984320081C066 /* Splash */,
			);
			path = Modules;
			sourceTree = "<group>";
		};
		4A4A074D2AF984320081C066 /* Splash */ = {
			isa = PBXGroup;
			children = (
				4A4A07412AF984210081C066 /* SplashPresenter.swift */,
				4A4A07422AF984210081C066 /* SplashViewController.swift */,
				4A4A07432AF984210081C066 /* SplashProtocols.swift */,
				4A4A07442AF984210081C066 /* SplashInteractor.swift */,
				4A4A07452AF984210081C066 /* SplashWireframe.swift */,
			);
			path = Splash;
			sourceTree = "<group>";
		};
		4A4A074E2AF984E10081C066 /* Common */ = {
			isa = PBXGroup;
			children = (
				4A6CABDA2AFAAA5900B21E59 /* BaseClient.swift */,
				4A4A07562AF985F80081C066 /* TypeAliasses.swift */,
				4A4A074F2AF984E60081C066 /* Architecture */,
				4A4A075C2AF989D90081C066 /* Extensions */,
				4A2864562AF9AA43003B4943 /* NavigationController */,
				4A4A07522AF9855C0081C066 /* Protocols */,
				4A4A07682AF98CDE0081C066 /* ViewControllers */,
				4A6CAC002AFAD82400B21E59 /* Views */,
			);
			path = Common;
			sourceTree = "<group>";
		};
		4A4A074F2AF984E60081C066 /* Architecture */ = {
			isa = PBXGroup;
			children = (
				4A28644E2AF9A148003B4943 /* BaseCoordinator.swift */,
				4A28644A2AF9A09F003B4943 /* BaseCoordinatorParent.swift */,
				4A4A07502AF9850A0081C066 /* BaseModuleDelegate.swift */,
				4A28644C2AF9A0C0003B4943 /* Coordinator.swift */,
			);
			path = Architecture;
			sourceTree = "<group>";
		};
		4A4A07522AF9855C0081C066 /* Protocols */ = {
			isa = PBXGroup;
			children = (
				4A4A07602AF98A5D0081C066 /* AlertPresentable.swift */,
				4A4A07532AF9856E0081C066 /* AlertRequestable.swift */,
				4A6CABDC2AFAAA9700B21E59 /* ClientProtocol.swift */,
				4A6CAC112AFBDBC100B21E59 /* CollectionViewable.swift */,
				4A6CAC132AFBDBEF00B21E59 /* CollectionViewDataSource.swift */,
				4A6CAC152AFBDC4F00B21E59 /* CollectionViewDelegateable.swift */,
				4A6CAC172AFBDC7500B21E59 /* CollectionViewSizeable.swift */,
				4A6CABFE2AFAD7BB00B21E59 /* DataSource.swift */,
				4A6CAC032AFAD8AF00B21E59 /* DataSourceable.swift */,
				4A4A07582AF986750081C066 /* DismissRequestable.swift */,
				4A6CABD42AFAA91F00B21E59 /* Endpoint.swift */,
				4A4A075A2AF986D60081C066 /* GoBackRequestable.swift */,
				4A6CAC6C2AFC7D0F00B21E59 /* ParametersConvertible.swift */,
				4A6CAC192AFBDF4400B21E59 /* ScreenSizeMeasurable.swift */,
				4A6CAC0D2AFBDA9800B21E59 /* Stringable.swift */,
				4A4A07662AF98C7D0081C066 /* ViewLifecycleable.swift */,
				4A6CAC0B2AFBDA5C00B21E59 /* Withable.swift */,
			);
			path = Protocols;
			sourceTree = "<group>";
		};
		4A4A075C2AF989D90081C066 /* Extensions */ = {
			isa = PBXGroup;
			children = (
				4A2864502AF9A212003B4943 /* Array+Coordinator.swift */,
				4A4A076D2AF98E500081C066 /* Optional+IsNill.swift */,
				4A4A076B2AF98E370081C066 /* Optional+isNotNill.swift */,
				4A4A075D2AF989F40081C066 /* String+Constants.swift */,
				4A4A07642AF98B7C0081C066 /* UIApplication+KeyWindow.swift */,
				4A2864452AF994E9003B4943 /* UIApplication+TopMostViewController.swift */,
				4A6CAC0F2AFBDB1500B21E59 /* UICollectionReusableView+ReuseIdentifier.swift */,
				4A2864522AF9A292003B4943 /* UIViewController+DismissPresentedViewController.swift */,
				4A2864542AF9A2DB003B4943 /* UIViewController+isPresenting.swift */,
				4A6CAC1D2AFBDFF700B21E59 /* UIViewController+ScreenHeight.swift */,
				4A6CAC1B2AFBDFC600B21E59 /* UIViewController+ScreenWidth.swift */,
				4A4A07622AF98B320081C066 /* UIViewController+TopMostViewController.swift */,
				4A46523C2AFEC31F00076C6A /* Int+IntToStringAsCLP.swift */,
			);
			path = Extensions;
			sourceTree = "<group>";
		};
		4A4A07682AF98CDE0081C066 /* ViewControllers */ = {
			isa = PBXGroup;
			children = (
				4A4A07692AF98CF50081C066 /* BaseViewController.swift */,
			);
			path = ViewControllers;
			sourceTree = "<group>";
		};
		4A6CABD62AFAA97600B21E59 /* Clients */ = {
			isa = PBXGroup;
			children = (
				4A6CAC492AFC15CD00B21E59 /* GetChildrenCategoriesClient.swift */,
				4A46522D2AFD689700076C6A /* GetItemClient.swift */,
				4A6CAC662AFC778400B21E59 /* GetItemListPerChildrenCategoryClient.swift */,
				4A6CABD72AFAAA0500B21E59 /* GetRootCategoriesClient.swift */,
			);
			path = Clients;
			sourceTree = "<group>";
		};
		4A6CABEC2AFABBCA00B21E59 /* RootCategories */ = {
			isa = PBXGroup;
			children = (
				4A6CABF12AFABBEF00B21E59 /* RootCategoriesInteractor.swift */,
				4A6CABEE2AFABBEF00B21E59 /* RootCategoriesPresenter.swift */,
				4A6CABF02AFABBEF00B21E59 /* RootCategoriesProtocols.swift */,
				4A6CABEF2AFABBEF00B21E59 /* RootCategoriesViewController.swift */,
				4A6CABF22AFABBEF00B21E59 /* RootCategoriesWireframe.swift */,
				4A4652362AFE89CC00076C6A /* Cells */,
			);
			path = RootCategories;
			sourceTree = "<group>";
		};
		4A6CABF92AFABD3200B21E59 /* ModuleDelegates */ = {
			isa = PBXGroup;
			children = (
				4A6CAC472AFC139900B21E59 /* ChildrenCategoriesModuleRequestable.swift */,
				4A6CAC6A2AFC79C400B21E59 /* ItemListPerChildrenCategoryRequestable.swift */,
				4A4652312AFD8A7B00076C6A /* ItemRequestable.swift */,
				4A6CABFA2AFABD5E00B21E59 /* RootCategoriesModuleRequestable.swift */,
			);
			path = ModuleDelegates;
			sourceTree = "<group>";
		};
		4A6CAC002AFAD82400B21E59 /* Views */ = {
			isa = PBXGroup;
			children = (
				4A6CAC012AFAD86300B21E59 /* BaseCell.swift */,
			);
			path = Views;
			sourceTree = "<group>";
		};
		4A6CAC062AFBC7DE00B21E59 /* HandlersResults */ = {
			isa = PBXGroup;
			children = (
				4A6CAC4D2AFC1C4E00B21E59 /* GetChildrenCategoriesResult.swift */,
				4A6CAC642AFC73A900B21E59 /* GetItemListPerChildrenCategoryResult.swift */,
				4A46522F2AFD74B800076C6A /* GetItemResult.swift */,
				4A6CAC072AFBC7F900B21E59 /* GetRootCategoriesResult.swift */,
			);
			path = HandlersResults;
			sourceTree = "<group>";
		};
		4A6CAC2E2AFC12F200B21E59 /* ChildrenCategories */ = {
			isa = PBXGroup;
			children = (
				4A6CAC332AFC130E00B21E59 /* ChildrenCategoriesInteractor.swift */,
				4A6CAC302AFC130E00B21E59 /* ChildrenCategoriesPresenter.swift */,
				4A6CAC322AFC130E00B21E59 /* ChildrenCategoriesProtocols.swift */,
				4A6CAC312AFC130E00B21E59 /* ChildrenCategoriesViewController.swift */,
				4A6CAC342AFC130E00B21E59 /* ChildrenCategoriesWireframe.swift */,
				4A4652342AFE89B000076C6A /* Cells */,
			);
			path = ChildrenCategories;
			sourceTree = "<group>";
		};
		4A6CAC572AFC6FFB00B21E59 /* ListedItems */ = {
			isa = PBXGroup;
			children = (
				4A6CAC5C2AFC702800B21E59 /* ListedItemsInteractor.swift */,
				4A6CAC592AFC702800B21E59 /* ListedItemsPresenter.swift */,
				4A6CAC5B2AFC702800B21E59 /* ListedItemsProtocols.swift */,
				4A6CAC5A2AFC702800B21E59 /* ListedItemsViewController.swift */,
				4A6CAC5D2AFC702800B21E59 /* ListedItemsWireframe.swift */,
				4A4652352AFE89BE00076C6A /* Cells */,
			);
			path = ListedItems;
			sourceTree = "<group>";
		};
		4A6CAC6E2AFC7DA600B21E59 /* Parameters */ = {
			isa = PBXGroup;
			children = (
				4A6CAC6F2AFC7DBB00B21E59 /* GetItemListPerChildrenCategoryParameters.swift */,
			);
			path = Parameters;
			sourceTree = "<group>";
		};
		5FDCED34DA14ED37758A6589 /* Frameworks */ = {
			isa = PBXGroup;
			children = (
				B93967E54EC0DE7B9D747241 /* Pods_mercadolivre.framework */,
			);
			name = Frameworks;
			sourceTree = "<group>";
		};
		BC73B7EDD8BB6BBAFF6AEF1F /* Pods */ = {
			isa = PBXGroup;
			children = (
				23D3BB878C7716805EE1943D /* Pods-mercadolivre.debug.xcconfig */,
				6F9F0029AE5B709256D8A982 /* Pods-mercadolivre.release.xcconfig */,
			);
			path = Pods;
			sourceTree = "<group>";
		};
/* End PBXGroup section */

/* Begin PBXNativeTarget section */
		4A4A07282AF934240081C066 /* mercadolivre */ = {
			isa = PBXNativeTarget;
			buildConfigurationList = 4A4A073D2AF934250081C066 /* Build configuration list for PBXNativeTarget "mercadolivre" */;
			buildPhases = (
				296E61FE41D4BBBBD4BB4488 /* [CP] Check Pods Manifest.lock */,
				4A4A07252AF934240081C066 /* Sources */,
				4A4A07262AF934240081C066 /* Frameworks */,
				4A4A07272AF934240081C066 /* Resources */,
				A0A551A6CA329549B9A805EA /* [CP] Embed Pods Frameworks */,
			);
			buildRules = (
			);
			dependencies = (
			);
			name = mercadolivre;
			productName = mercadolivre;
			productReference = 4A4A07292AF934240081C066 /* mercadolivre.app */;
			productType = "com.apple.product-type.application";
		};
/* End PBXNativeTarget section */

/* Begin PBXProject section */
		4A4A07212AF934240081C066 /* Project object */ = {
			isa = PBXProject;
			attributes = {
				BuildIndependentTargetsInParallel = 1;
				LastSwiftUpdateCheck = 1430;
				LastUpgradeCheck = 1430;
				TargetAttributes = {
					4A4A07282AF934240081C066 = {
						CreatedOnToolsVersion = 14.3;
					};
				};
			};
			buildConfigurationList = 4A4A07242AF934240081C066 /* Build configuration list for PBXProject "mercadolivre" */;
			compatibilityVersion = "Xcode 14.0";
			developmentRegion = en;
			hasScannedForEncodings = 0;
			knownRegions = (
				en,
				Base,
			);
			mainGroup = 4A4A07202AF934240081C066;
			productRefGroup = 4A4A072A2AF934240081C066 /* Products */;
			projectDirPath = "";
			projectRoot = "";
			targets = (
				4A4A07282AF934240081C066 /* mercadolivre */,
			);
		};
/* End PBXProject section */

/* Begin PBXResourcesBuildPhase section */
		4A4A07272AF934240081C066 /* Resources */ = {
			isa = PBXResourcesBuildPhase;
			buildActionMask = 2147483647;
			files = (
				4A4A07362AF934250081C066 /* Assets.xcassets in Resources */,
			);
			runOnlyForDeploymentPostprocessing = 0;
		};
/* End PBXResourcesBuildPhase section */

/* Begin PBXShellScriptBuildPhase section */
		296E61FE41D4BBBBD4BB4488 /* [CP] Check Pods Manifest.lock */ = {
			isa = PBXShellScriptBuildPhase;
			buildActionMask = 2147483647;
			files = (
			);
			inputFileListPaths = (
			);
			inputPaths = (
				"${PODS_PODFILE_DIR_PATH}/Podfile.lock",
				"${PODS_ROOT}/Manifest.lock",
			);
			name = "[CP] Check Pods Manifest.lock";
			outputFileListPaths = (
			);
			outputPaths = (
				"$(DERIVED_FILE_DIR)/Pods-mercadolivre-checkManifestLockResult.txt",
			);
			runOnlyForDeploymentPostprocessing = 0;
			shellPath = /bin/sh;
			shellScript = "diff \"${PODS_PODFILE_DIR_PATH}/Podfile.lock\" \"${PODS_ROOT}/Manifest.lock\" > /dev/null\nif [ $? != 0 ] ; then\n    # print error to STDERR\n    echo \"error: The sandbox is not in sync with the Podfile.lock. Run 'pod install' or update your CocoaPods installation.\" >&2\n    exit 1\nfi\n# This output is used by Xcode 'outputs' to avoid re-running this script phase.\necho \"SUCCESS\" > \"${SCRIPT_OUTPUT_FILE_0}\"\n";
			showEnvVarsInLog = 0;
		};
		A0A551A6CA329549B9A805EA /* [CP] Embed Pods Frameworks */ = {
			isa = PBXShellScriptBuildPhase;
			buildActionMask = 2147483647;
			files = (
			);
			inputFileListPaths = (
				"${PODS_ROOT}/Target Support Files/Pods-mercadolivre/Pods-mercadolivre-frameworks-${CONFIGURATION}-input-files.xcfilelist",
			);
			name = "[CP] Embed Pods Frameworks";
			outputFileListPaths = (
				"${PODS_ROOT}/Target Support Files/Pods-mercadolivre/Pods-mercadolivre-frameworks-${CONFIGURATION}-output-files.xcfilelist",
			);
			runOnlyForDeploymentPostprocessing = 0;
			shellPath = /bin/sh;
			shellScript = "\"${PODS_ROOT}/Target Support Files/Pods-mercadolivre/Pods-mercadolivre-frameworks.sh\"\n";
			showEnvVarsInLog = 0;
		};
/* End PBXShellScriptBuildPhase section */

/* Begin PBXSourcesBuildPhase section */
		4A4A07252AF934240081C066 /* Sources */ = {
			isa = PBXSourcesBuildPhase;
			buildActionMask = 2147483647;
			files = (
				4A6CAC202AFC0B6C00B21E59 /* ChildrenCategory.swift in Sources */,
				4A4652272AFD312700076C6A /* ItemInteractor.swift in Sources */,
				4A4A076E2AF98E500081C066 /* Optional+IsNill.swift in Sources */,
				4A2864532AF9A292003B4943 /* UIViewController+DismissPresentedViewController.swift in Sources */,
				4A6CAC692AFC77D500B21E59 /* GetItemListPerChildrenCategoryResponse.swift in Sources */,
				4A6CAC1C2AFBDFC600B21E59 /* UIViewController+ScreenWidth.swift in Sources */,
				4A46522E2AFD689700076C6A /* GetItemClient.swift in Sources */,
				4A6CABFF2AFAD7BB00B21E59 /* DataSource.swift in Sources */,
				4A2864552AF9A2DB003B4943 /* UIViewController+isPresenting.swift in Sources */,
				4A6CAC162AFBDC4F00B21E59 /* CollectionViewDelegateable.swift in Sources */,
				4A4A07612AF98A5D0081C066 /* AlertPresentable.swift in Sources */,
				4A4A07492AF984210081C066 /* SplashProtocols.swift in Sources */,
				4A4A074A2AF984210081C066 /* SplashInteractor.swift in Sources */,
				4A6CAC5F2AFC702800B21E59 /* ListedItemsPresenter.swift in Sources */,
				4A6CABF62AFABBEF00B21E59 /* RootCategoriesProtocols.swift in Sources */,
				4A6CAC672AFC778400B21E59 /* GetItemListPerChildrenCategoryClient.swift in Sources */,
				4A4652282AFD312700076C6A /* ItemWireframe.swift in Sources */,
				4A46523D2AFEC31F00076C6A /* Int+IntToStringAsCLP.swift in Sources */,
				4A6CAC632AFC702800B21E59 /* ListedItemsWireframe.swift in Sources */,
				4A6CABF82AFABBEF00B21E59 /* RootCategoriesWireframe.swift in Sources */,
				4A4652302AFD74B800076C6A /* GetItemResult.swift in Sources */,
				4A6CAC122AFBDBC100B21E59 /* CollectionViewable.swift in Sources */,
				4A4A075B2AF986D60081C066 /* GoBackRequestable.swift in Sources */,
				4A6CAC722AFC80B900B21E59 /* ItemCell.swift in Sources */,
				4A6CAC182AFBDC7500B21E59 /* CollectionViewSizeable.swift in Sources */,
				4A6CAC382AFC130E00B21E59 /* ChildrenCategoriesProtocols.swift in Sources */,
				4A2864512AF9A212003B4943 /* Array+Coordinator.swift in Sources */,
				4A6CAC1A2AFBDF4400B21E59 /* ScreenSizeMeasurable.swift in Sources */,
				4A6CABFD2AFAD3F600B21E59 /* RootCategoryCell.swift in Sources */,
				4A6CAC6D2AFC7D0F00B21E59 /* ParametersConvertible.swift in Sources */,
				4A6CAC0C2AFBDA5C00B21E59 /* Withable.swift in Sources */,
				4A46522A2AFD5EEF00076C6A /* Item.swift in Sources */,
				4A4A076C2AF98E370081C066 /* Optional+isNotNill.swift in Sources */,
				4A6CAC042AFAD8AF00B21E59 /* DataSourceable.swift in Sources */,
				4A35EAC22AFA9D6C000F199F /* RootCategory.swift in Sources */,
				4A2864492AF99F8F003B4943 /* AppCoordinator.swift in Sources */,
				4A6CABD22AFAA7A500B21E59 /* AppRouter.swift in Sources */,
				4A28644F2AF9A148003B4943 /* BaseCoordinator.swift in Sources */,
				4A4A076A2AF98CF50081C066 /* BaseViewController.swift in Sources */,
				4A46523B2AFE8B0A00076C6A /* ItemPicturesCell.swift in Sources */,
				4A6CAC622AFC702800B21E59 /* ListedItemsInteractor.swift in Sources */,
				4A6CAC6B2AFC79C400B21E59 /* ItemListPerChildrenCategoryRequestable.swift in Sources */,
				4A4A074B2AF984210081C066 /* SplashWireframe.swift in Sources */,
				4A6CABF72AFABBEF00B21E59 /* RootCategoriesInteractor.swift in Sources */,
				4A6CABDB2AFAAA5900B21E59 /* BaseClient.swift in Sources */,
				4A6CAC652AFC73A900B21E59 /* GetItemListPerChildrenCategoryResult.swift in Sources */,
				4A28644B2AF9A09F003B4943 /* BaseCoordinatorParent.swift in Sources */,
				4A4A07652AF98B7C0081C066 /* UIApplication+KeyWindow.swift in Sources */,
				4A6CABFB2AFABD5E00B21E59 /* RootCategoriesModuleRequestable.swift in Sources */,
				4A6CAC4E2AFC1C4E00B21E59 /* GetChildrenCategoriesResult.swift in Sources */,
				4A4A072D2AF934240081C066 /* AppDelegate.swift in Sources */,
				4A6CAC392AFC130E00B21E59 /* ChildrenCategoriesInteractor.swift in Sources */,
				4A6CAC022AFAD86300B21E59 /* BaseCell.swift in Sources */,
				4A6CABD82AFAAA0500B21E59 /* GetRootCategoriesClient.swift in Sources */,
				4A6CAC1E2AFBDFF700B21E59 /* UIViewController+ScreenHeight.swift in Sources */,
				4A4A075E2AF989F40081C066 /* String+Constants.swift in Sources */,
				4A6CAC482AFC139900B21E59 /* ChildrenCategoriesModuleRequestable.swift in Sources */,
				4A2864462AF994E9003B4943 /* UIApplication+TopMostViewController.swift in Sources */,
				4A4652322AFD8A7B00076C6A /* ItemRequestable.swift in Sources */,
				4A4652262AFD312700076C6A /* ItemProtocols.swift in Sources */,
				4A6CAC372AFC130E00B21E59 /* ChildrenCategoriesViewController.swift in Sources */,
				4A6CAC0E2AFBDA9800B21E59 /* Stringable.swift in Sources */,
				4A4A07472AF984210081C066 /* SplashPresenter.swift in Sources */,
				4A6CABF42AFABBEF00B21E59 /* RootCategoriesPresenter.swift in Sources */,
				4A6CABDD2AFAAA9700B21E59 /* ClientProtocol.swift in Sources */,
				4A6CAC612AFC702800B21E59 /* ListedItemsProtocols.swift in Sources */,
				4A4A07632AF98B320081C066 /* UIViewController+TopMostViewController.swift in Sources */,
				4A6CAC702AFC7DBB00B21E59 /* GetItemListPerChildrenCategoryParameters.swift in Sources */,
				4A6CABD02AFAA6D400B21E59 /* AppEnvironment.swift in Sources */,
				4A4A07592AF986750081C066 /* DismissRequestable.swift in Sources */,
				4A28644D2AF9A0C0003B4943 /* Coordinator.swift in Sources */,
				4A6CAC502AFC1E4500B21E59 /* GetChildrenCategoriesResponse.swift in Sources */,
				4A46522C2AFD637700076C6A /* ItemPicture.swift in Sources */,
				4A4A07542AF9856E0081C066 /* AlertRequestable.swift in Sources */,
				4A6CAC082AFBC7F900B21E59 /* GetRootCategoriesResult.swift in Sources */,
				4A6CAC362AFC130E00B21E59 /* ChildrenCategoriesPresenter.swift in Sources */,
				4A4A07482AF984210081C066 /* SplashViewController.swift in Sources */,
				4A4A07572AF985F80081C066 /* TypeAliasses.swift in Sources */,
				4A6CAC102AFBDB1500B21E59 /* UICollectionReusableView+ReuseIdentifier.swift in Sources */,
				4A2864582AF9AA5A003B4943 /* StatusBarStyleNavigationController.swift in Sources */,
				4A6CAC562AFC6B9800B21E59 /* ListedItem.swift in Sources */,
				4A6CABDF2AFAAAC200B21E59 /* HTTPService.swift in Sources */,
				4A6CAC542AFC2C8800B21E59 /* ChildrenCategoryCell.swift in Sources */,
				4A6CAC602AFC702800B21E59 /* ListedItemsViewController.swift in Sources */,
				4A6CAC142AFBDBEF00B21E59 /* CollectionViewDataSource.swift in Sources */,
				4A4A07672AF98C7D0081C066 /* ViewLifecycleable.swift in Sources */,
				4A4652252AFD312700076C6A /* ItemViewController.swift in Sources */,
				4A6CABD52AFAA91F00B21E59 /* Endpoint.swift in Sources */,
				4A4652242AFD312700076C6A /* ItemPresenter.swift in Sources */,
				4A6CAC4A2AFC15CD00B21E59 /* GetChildrenCategoriesClient.swift in Sources */,
				4A6CAC3A2AFC130E00B21E59 /* ChildrenCategoriesWireframe.swift in Sources */,
				4A4A07512AF9850A0081C066 /* BaseModuleDelegate.swift in Sources */,
				4A6CABF52AFABBEF00B21E59 /* RootCategoriesViewController.swift in Sources */,
			);
			runOnlyForDeploymentPostprocessing = 0;
		};
/* End PBXSourcesBuildPhase section */

/* Begin XCBuildConfiguration section */
		4A4A073B2AF934250081C066 /* Debug */ = {
			isa = XCBuildConfiguration;
			buildSettings = {
				ALWAYS_SEARCH_USER_PATHS = NO;
				CLANG_ANALYZER_NONNULL = YES;
				CLANG_ANALYZER_NUMBER_OBJECT_CONVERSION = YES_AGGRESSIVE;
				CLANG_CXX_LANGUAGE_STANDARD = "gnu++20";
				CLANG_ENABLE_MODULES = YES;
				CLANG_ENABLE_OBJC_ARC = YES;
				CLANG_ENABLE_OBJC_WEAK = YES;
				CLANG_WARN_BLOCK_CAPTURE_AUTORELEASING = YES;
				CLANG_WARN_BOOL_CONVERSION = YES;
				CLANG_WARN_COMMA = YES;
				CLANG_WARN_CONSTANT_CONVERSION = YES;
				CLANG_WARN_DEPRECATED_OBJC_IMPLEMENTATIONS = YES;
				CLANG_WARN_DIRECT_OBJC_ISA_USAGE = YES_ERROR;
				CLANG_WARN_DOCUMENTATION_COMMENTS = YES;
				CLANG_WARN_EMPTY_BODY = YES;
				CLANG_WARN_ENUM_CONVERSION = YES;
				CLANG_WARN_INFINITE_RECURSION = YES;
				CLANG_WARN_INT_CONVERSION = YES;
				CLANG_WARN_NON_LITERAL_NULL_CONVERSION = YES;
				CLANG_WARN_OBJC_IMPLICIT_RETAIN_SELF = YES;
				CLANG_WARN_OBJC_LITERAL_CONVERSION = YES;
				CLANG_WARN_OBJC_ROOT_CLASS = YES_ERROR;
				CLANG_WARN_QUOTED_INCLUDE_IN_FRAMEWORK_HEADER = YES;
				CLANG_WARN_RANGE_LOOP_ANALYSIS = YES;
				CLANG_WARN_STRICT_PROTOTYPES = YES;
				CLANG_WARN_SUSPICIOUS_MOVE = YES;
				CLANG_WARN_UNGUARDED_AVAILABILITY = YES_AGGRESSIVE;
				CLANG_WARN_UNREACHABLE_CODE = YES;
				CLANG_WARN__DUPLICATE_METHOD_MATCH = YES;
				COPY_PHASE_STRIP = NO;
				DEBUG_INFORMATION_FORMAT = dwarf;
				ENABLE_STRICT_OBJC_MSGSEND = YES;
				ENABLE_TESTABILITY = YES;
				GCC_C_LANGUAGE_STANDARD = gnu11;
				GCC_DYNAMIC_NO_PIC = NO;
				GCC_NO_COMMON_BLOCKS = YES;
				GCC_OPTIMIZATION_LEVEL = 0;
				GCC_PREPROCESSOR_DEFINITIONS = (
					"DEBUG=1",
					"$(inherited)",
				);
				GCC_WARN_64_TO_32_BIT_CONVERSION = YES;
				GCC_WARN_ABOUT_RETURN_TYPE = YES_ERROR;
				GCC_WARN_UNDECLARED_SELECTOR = YES;
				GCC_WARN_UNINITIALIZED_AUTOS = YES_AGGRESSIVE;
				GCC_WARN_UNUSED_FUNCTION = YES;
				GCC_WARN_UNUSED_VARIABLE = YES;
				IPHONEOS_DEPLOYMENT_TARGET = 16.4;
				MTL_ENABLE_DEBUG_INFO = INCLUDE_SOURCE;
				MTL_FAST_MATH = YES;
				ONLY_ACTIVE_ARCH = YES;
				SDKROOT = iphoneos;
				SWIFT_ACTIVE_COMPILATION_CONDITIONS = DEBUG;
				SWIFT_OPTIMIZATION_LEVEL = "-Onone";
			};
			name = Debug;
		};
		4A4A073C2AF934250081C066 /* Release */ = {
			isa = XCBuildConfiguration;
			buildSettings = {
				ALWAYS_SEARCH_USER_PATHS = NO;
				CLANG_ANALYZER_NONNULL = YES;
				CLANG_ANALYZER_NUMBER_OBJECT_CONVERSION = YES_AGGRESSIVE;
				CLANG_CXX_LANGUAGE_STANDARD = "gnu++20";
				CLANG_ENABLE_MODULES = YES;
				CLANG_ENABLE_OBJC_ARC = YES;
				CLANG_ENABLE_OBJC_WEAK = YES;
				CLANG_WARN_BLOCK_CAPTURE_AUTORELEASING = YES;
				CLANG_WARN_BOOL_CONVERSION = YES;
				CLANG_WARN_COMMA = YES;
				CLANG_WARN_CONSTANT_CONVERSION = YES;
				CLANG_WARN_DEPRECATED_OBJC_IMPLEMENTATIONS = YES;
				CLANG_WARN_DIRECT_OBJC_ISA_USAGE = YES_ERROR;
				CLANG_WARN_DOCUMENTATION_COMMENTS = YES;
				CLANG_WARN_EMPTY_BODY = YES;
				CLANG_WARN_ENUM_CONVERSION = YES;
				CLANG_WARN_INFINITE_RECURSION = YES;
				CLANG_WARN_INT_CONVERSION = YES;
				CLANG_WARN_NON_LITERAL_NULL_CONVERSION = YES;
				CLANG_WARN_OBJC_IMPLICIT_RETAIN_SELF = YES;
				CLANG_WARN_OBJC_LITERAL_CONVERSION = YES;
				CLANG_WARN_OBJC_ROOT_CLASS = YES_ERROR;
				CLANG_WARN_QUOTED_INCLUDE_IN_FRAMEWORK_HEADER = YES;
				CLANG_WARN_RANGE_LOOP_ANALYSIS = YES;
				CLANG_WARN_STRICT_PROTOTYPES = YES;
				CLANG_WARN_SUSPICIOUS_MOVE = YES;
				CLANG_WARN_UNGUARDED_AVAILABILITY = YES_AGGRESSIVE;
				CLANG_WARN_UNREACHABLE_CODE = YES;
				CLANG_WARN__DUPLICATE_METHOD_MATCH = YES;
				COPY_PHASE_STRIP = NO;
				DEBUG_INFORMATION_FORMAT = "dwarf-with-dsym";
				ENABLE_NS_ASSERTIONS = NO;
				ENABLE_STRICT_OBJC_MSGSEND = YES;
				GCC_C_LANGUAGE_STANDARD = gnu11;
				GCC_NO_COMMON_BLOCKS = YES;
				GCC_WARN_64_TO_32_BIT_CONVERSION = YES;
				GCC_WARN_ABOUT_RETURN_TYPE = YES_ERROR;
				GCC_WARN_UNDECLARED_SELECTOR = YES;
				GCC_WARN_UNINITIALIZED_AUTOS = YES_AGGRESSIVE;
				GCC_WARN_UNUSED_FUNCTION = YES;
				GCC_WARN_UNUSED_VARIABLE = YES;
				IPHONEOS_DEPLOYMENT_TARGET = 16.4;
				MTL_ENABLE_DEBUG_INFO = NO;
				MTL_FAST_MATH = YES;
				SDKROOT = iphoneos;
				SWIFT_COMPILATION_MODE = wholemodule;
				SWIFT_OPTIMIZATION_LEVEL = "-O";
				VALIDATE_PRODUCT = YES;
			};
			name = Release;
		};
		4A4A073E2AF934250081C066 /* Debug */ = {
			isa = XCBuildConfiguration;
			baseConfigurationReference = 23D3BB878C7716805EE1943D /* Pods-mercadolivre.debug.xcconfig */;
			buildSettings = {
				ASSETCATALOG_COMPILER_APPICON_NAME = AppIcon;
				ASSETCATALOG_COMPILER_GLOBAL_ACCENT_COLOR_NAME = AccentColor;
				CODE_SIGN_STYLE = Automatic;
				CURRENT_PROJECT_VERSION = 1;
				DEVELOPMENT_TEAM = C7FTQ4PY23;
				GENERATE_INFOPLIST_FILE = YES;
				INFOPLIST_FILE = mercadolivre/Info.plist;
				INFOPLIST_KEY_CFBundleDisplayName = "Mercado Livre";
				INFOPLIST_KEY_UIApplicationSupportsIndirectInputEvents = YES;
				INFOPLIST_KEY_UILaunchStoryboardName = LaunchScreen;
				INFOPLIST_KEY_UIMainStoryboardFile = "";
				INFOPLIST_KEY_UISupportedInterfaceOrientations = "UIInterfaceOrientationLandscapeLeft UIInterfaceOrientationLandscapeRight UIInterfaceOrientationPortrait";
				IPHONEOS_DEPLOYMENT_TARGET = 14.0;
				LD_RUNPATH_SEARCH_PATHS = (
					"$(inherited)",
					"@executable_path/Frameworks",
				);
				MARKETING_VERSION = 1.0;
				PRODUCT_BUNDLE_IDENTIFIER = com.camilolillo.mercadolivre;
				PRODUCT_NAME = "$(TARGET_NAME)";
				SUPPORTED_PLATFORMS = "iphoneos iphonesimulator";
				SUPPORTS_MACCATALYST = NO;
				SUPPORTS_MAC_DESIGNED_FOR_IPHONE_IPAD = NO;
				SWIFT_EMIT_LOC_STRINGS = YES;
				SWIFT_VERSION = 5.0;
				TARGETED_DEVICE_FAMILY = 1;
			};
			name = Debug;
		};
		4A4A073F2AF934250081C066 /* Release */ = {
			isa = XCBuildConfiguration;
			baseConfigurationReference = 6F9F0029AE5B709256D8A982 /* Pods-mercadolivre.release.xcconfig */;
			buildSettings = {
				ASSETCATALOG_COMPILER_APPICON_NAME = AppIcon;
				ASSETCATALOG_COMPILER_GLOBAL_ACCENT_COLOR_NAME = AccentColor;
				CODE_SIGN_STYLE = Automatic;
				CURRENT_PROJECT_VERSION = 1;
				DEVELOPMENT_TEAM = C7FTQ4PY23;
				GENERATE_INFOPLIST_FILE = YES;
				INFOPLIST_FILE = mercadolivre/Info.plist;
				INFOPLIST_KEY_CFBundleDisplayName = "Mercado Livre";
				INFOPLIST_KEY_UIApplicationSupportsIndirectInputEvents = YES;
				INFOPLIST_KEY_UILaunchStoryboardName = LaunchScreen;
				INFOPLIST_KEY_UIMainStoryboardFile = "";
				INFOPLIST_KEY_UISupportedInterfaceOrientations = "UIInterfaceOrientationLandscapeLeft UIInterfaceOrientationLandscapeRight UIInterfaceOrientationPortrait";
				IPHONEOS_DEPLOYMENT_TARGET = 14.0;
				LD_RUNPATH_SEARCH_PATHS = (
					"$(inherited)",
					"@executable_path/Frameworks",
				);
				MARKETING_VERSION = 1.0;
				PRODUCT_BUNDLE_IDENTIFIER = com.camilolillo.mercadolivre;
				PRODUCT_NAME = "$(TARGET_NAME)";
				SUPPORTED_PLATFORMS = "iphoneos iphonesimulator";
				SUPPORTS_MACCATALYST = NO;
				SUPPORTS_MAC_DESIGNED_FOR_IPHONE_IPAD = NO;
				SWIFT_EMIT_LOC_STRINGS = YES;
				SWIFT_VERSION = 5.0;
				TARGETED_DEVICE_FAMILY = 1;
			};
			name = Release;
		};
/* End XCBuildConfiguration section */

/* Begin XCConfigurationList section */
		4A4A07242AF934240081C066 /* Build configuration list for PBXProject "mercadolivre" */ = {
			isa = XCConfigurationList;
			buildConfigurations = (
				4A4A073B2AF934250081C066 /* Debug */,
				4A4A073C2AF934250081C066 /* Release */,
			);
			defaultConfigurationIsVisible = 0;
			defaultConfigurationName = Release;
		};
		4A4A073D2AF934250081C066 /* Build configuration list for PBXNativeTarget "mercadolivre" */ = {
			isa = XCConfigurationList;
			buildConfigurations = (
				4A4A073E2AF934250081C066 /* Debug */,
				4A4A073F2AF934250081C066 /* Release */,
			);
			defaultConfigurationIsVisible = 0;
			defaultConfigurationName = Release;
		};
/* End XCConfigurationList section */
	};
	rootObject = 4A4A07212AF934240081C066 /* Project object */;
}
